schema: '2.0'
stages:
  data_collection:
    cmd: python src/data_collection.py
    deps:
    - path: src/data_collection.py
      hash: md5
      md5: af94c392255ab56eca54b962b6d4adec
      size: 2021
    params:
      params.yaml:
        data_collection.test_size: 0.3
    outs:
    - path: data/raw
      hash: md5
      md5: 97825bb768b4b66d70c59daed663063a.dir
      size: 522262
      nfiles: 2
  pre_processing:
    cmd: python src/data_prep.py
    deps:
    - path: data/raw
      hash: md5
      md5: 97825bb768b4b66d70c59daed663063a.dir
      size: 522262
      nfiles: 2
    - path: src/data_prep.py
      hash: md5
      md5: d3cfcacef550ddf934f79aa7db59d424
      size: 1918
    outs:
    - path: data/processed
      hash: md5
      md5: 87a2d0e17843d43976e8f06ce9bf196f.dir
      size: 546215
      nfiles: 2
  model_building:
    cmd: python src/model_building.py
    deps:
    - path: data/processed
      hash: md5
      md5: 87a2d0e17843d43976e8f06ce9bf196f.dir
      size: 546215
      nfiles: 2
    - path: src/model_building.py
      hash: md5
      md5: 80dd6dfb46ce8296f218c2ae079b447d
      size: 2991
    params:
      params.yaml:
        model_building.n_estimators: 1000
    outs:
    - path: model.pkl
      hash: md5
      md5: b1ffe4dbcaab3d18cdfd573af6d6a84a
      size: 65090461
  model_eval:
    cmd: python src/model_eval.py
    deps:
    - path: model.pkl
      hash: md5
      md5: b1ffe4dbcaab3d18cdfd573af6d6a84a
      size: 65090461
    - path: src/model_eval.py
      hash: md5
      md5: 59a0956f5a92975dc47442580ecbe2b3
      size: 2563
    outs:
    - path: metrics.json
      hash: md5
      md5: 7ab07831be1e195c4766b5612bf2c5f3
      size: 147
